
Microsoft Visual Studio Solution File, Format Version 12.00
# Visual Studio Version 17
VisualStudioVersion = 17.4.33403.182
MinimumVisualStudioVersion = 10.0.40219.1
Project("{FAE04EC0-301F-11D3-BF4B-00C04F79EFBC}") = "SmallDeli", "SmallDeli\SmallDeli.csproj", "{9B874ED8-95F4-467A-85D6-A851E6336236}"
EndProject
Global
	GlobalSection(SolutionConfigurationPlatforms) = preSolution
		Debug|Any CPU = Debug|Any CPU
		Release|Any CPU = Release|Any CPU
	EndGlobalSection
	GlobalSection(ProjectConfigurationPlatforms) = postSolution
		{9B874ED8-95F4-467A-85D6-A851E6336236}.Debug|Any CPU.ActiveCfg = Debug|Any CPU
		{9B874ED8-95F4-467A-85D6-A851E6336236}.Debug|Any CPU.Build.0 = Debug|Any CPU
		{9B874ED8-95F4-467A-85D6-A851E6336236}.Release|Any CPU.ActiveCfg = Release|Any CPU
		{9B874ED8-95F4-467A-85D6-A851E6336236}.Release|Any CPU.Build.0 = Release|Any CPU
	EndGlobalSection
	GlobalSection(SolutionProperties) = preSolution
		HideSolutionNode = FALSE
	EndGlobalSection
	GlobalSection(ExtensibilityGlobals) = postSolution
		SolutionGuid = {8AAC0F1E-C6C6-448E-A2D7-3D23D4B7975C}
	EndGlobalSection
EndGlobal
